{
	"name": "ospeed",
	"version": "1.0.0",
	"lockfileVersion": 3,
	"requires": true,
	"packages": {
		"": {
			"name": "ospeed",
			"version": "1.0.0",
			"license": "ISC",
			"dependencies": {
				"ospeed": "^1.0.0"
			},
			"bin": {
				"npx": "setup.js"
			}
		},
		"node_modules/ospeed": {
			"version": "1.0.0",
			"resolved": "https://registry.npmjs.org/ospeed/-/ospeed-1.0.0.tgz",
			"integrity": "sha512-BiTOjrY9ERVR3HhRPcJLBIXL6Go4kJPJwqX8Zq+HXlemqPkRoigpJCiJou6rpWUM1UATAvOhlbmJ77PCW09Jug==",
			"bin": {
				"npx": "setup.js"
			}
		}
	}
}
